
Microsoft Visual Studio Solution File, Format Version 12.00
# Visual Studio Version 17
VisualStudioVersion = 17.5.002.0
MinimumVisualStudioVersion = 10.0.40219.1
Project("{9A19103F-16F7-4668-BE54-9A1E7A4F7556}") = "calculator", "calculator.csproj", "{A35E87B8-3267-426D-8C40-347E40638877}"
EndProject
Global
	GlobalSection(SolutionConfigurationPlatforms) = preSolution
		Debug|Any CPU = Debug|Any CPU
		Release|Any CPU = Release|Any CPU
	EndGlobalSection
	GlobalSection(ProjectConfigurationPlatforms) = postSolution
		{A35E87B8-3267-426D-8C40-347E40638877}.Debug|Any CPU.ActiveCfg = Debug|Any CPU
		{A35E87B8-3267-426D-8C40-347E40638877}.Debug|Any CPU.Build.0 = Debug|Any CPU
		{A35E87B8-3267-426D-8C40-347E40638877}.Release|Any CPU.ActiveCfg = Release|Any CPU
		{A35E87B8-3267-426D-8C40-347E40638877}.Release|Any CPU.Build.0 = Release|Any CPU
	EndGlobalSection
	GlobalSection(SolutionProperties) = preSolution
		HideSolutionNode = FALSE
	EndGlobalSection
	GlobalSection(ExtensibilityGlobals) = postSolution
		SolutionGuid = {7596447B-6957-4958-97B3-74B672BBAE73}
	EndGlobalSection
EndGlobal
