
Microsoft Visual Studio Solution File, Format Version 12.00
# Visual Studio Version 17
VisualStudioVersion = 17.5.002.0
MinimumVisualStudioVersion = 10.0.40219.1
Project("{9A19103F-16F7-4668-BE54-9A1E7A4F7556}") = "Rpgpoo", "Rpgpoo.csproj", "{6F2E54C8-0D5B-4E4A-ACAA-B76E25AF7CEA}"
EndProject
Global
	GlobalSection(SolutionConfigurationPlatforms) = preSolution
		Debug|Any CPU = Debug|Any CPU
		Release|Any CPU = Release|Any CPU
	EndGlobalSection
	GlobalSection(ProjectConfigurationPlatforms) = postSolution
		{6F2E54C8-0D5B-4E4A-ACAA-B76E25AF7CEA}.Debug|Any CPU.ActiveCfg = Debug|Any CPU
		{6F2E54C8-0D5B-4E4A-ACAA-B76E25AF7CEA}.Debug|Any CPU.Build.0 = Debug|Any CPU
		{6F2E54C8-0D5B-4E4A-ACAA-B76E25AF7CEA}.Release|Any CPU.ActiveCfg = Release|Any CPU
		{6F2E54C8-0D5B-4E4A-ACAA-B76E25AF7CEA}.Release|Any CPU.Build.0 = Release|Any CPU
	EndGlobalSection
	GlobalSection(SolutionProperties) = preSolution
		HideSolutionNode = FALSE
	EndGlobalSection
	GlobalSection(ExtensibilityGlobals) = postSolution
		SolutionGuid = {63847C19-D9B3-4241-842D-5D64F5632019}
	EndGlobalSection
EndGlobal
